
Microsoft Visual Studio Solution File, Format Version 12.00
# Visual Studio 2012
Project("{FAE04EC0-301F-11D3-BF4B-00C04F79EFBC}") = "Phoneword", "Phoneword\Phoneword.csproj", "{490036D5-A919-4F54-B3FD-5D770321B9D2}"
EndProject
Project("{FAE04EC0-301F-11D3-BF4B-00C04F79EFBC}") = "Phoneword.iOS", "iOS\Phoneword.iOS.csproj", "{1A8F5319-3BF3-419D-B9D5-1FF417438227}"
EndProject
Project("{FAE04EC0-301F-11D3-BF4B-00C04F79EFBC}") = "Phoneword.Droid", "Droid\Phoneword.Droid.csproj", "{4AB5186C-9AF8-4612-9B4D-E8423D5AE344}"
EndProject
Global
	GlobalSection(SolutionConfigurationPlatforms) = preSolution
		Debug|Any CPU = Debug|Any CPU
		Release|Any CPU = Release|Any CPU
		Debug|iPhoneSimulator = Debug|iPhoneSimulator
		Release|iPhone = Release|iPhone
		Release|iPhoneSimulator = Release|iPhoneSimulator
		Debug|iPhone = Debug|iPhone
	EndGlobalSection
	GlobalSection(ProjectConfigurationPlatforms) = postSolution
		{490036D5-A919-4F54-B3FD-5D770321B9D2}.Debug|Any CPU.ActiveCfg = Debug|Any CPU
		{490036D5-A919-4F54-B3FD-5D770321B9D2}.Debug|Any CPU.Build.0 = Debug|Any CPU
		{490036D5-A919-4F54-B3FD-5D770321B9D2}.Release|Any CPU.ActiveCfg = Release|Any CPU
		{490036D5-A919-4F54-B3FD-5D770321B9D2}.Release|Any CPU.Build.0 = Release|Any CPU
		{490036D5-A919-4F54-B3FD-5D770321B9D2}.Debug|iPhoneSimulator.ActiveCfg = Debug|Any CPU
		{490036D5-A919-4F54-B3FD-5D770321B9D2}.Debug|iPhoneSimulator.Build.0 = Debug|Any CPU
		{490036D5-A919-4F54-B3FD-5D770321B9D2}.Release|iPhone.ActiveCfg = Release|Any CPU
		{490036D5-A919-4F54-B3FD-5D770321B9D2}.Release|iPhone.Build.0 = Release|Any CPU
		{490036D5-A919-4F54-B3FD-5D770321B9D2}.Release|iPhoneSimulator.ActiveCfg = Release|Any CPU
		{490036D5-A919-4F54-B3FD-5D770321B9D2}.Release|iPhoneSimulator.Build.0 = Release|Any CPU
		{490036D5-A919-4F54-B3FD-5D770321B9D2}.Debug|iPhone.ActiveCfg = Debug|Any CPU
		{490036D5-A919-4F54-B3FD-5D770321B9D2}.Debug|iPhone.Build.0 = Debug|Any CPU
		{1A8F5319-3BF3-419D-B9D5-1FF417438227}.Debug|Any CPU.ActiveCfg = Debug|iPhoneSimulator
		{1A8F5319-3BF3-419D-B9D5-1FF417438227}.Debug|Any CPU.Build.0 = Debug|iPhoneSimulator
		{1A8F5319-3BF3-419D-B9D5-1FF417438227}.Release|Any CPU.ActiveCfg = Release|iPhone
		{1A8F5319-3BF3-419D-B9D5-1FF417438227}.Release|Any CPU.Build.0 = Release|iPhone
		{1A8F5319-3BF3-419D-B9D5-1FF417438227}.Debug|iPhoneSimulator.ActiveCfg = Debug|iPhoneSimulator
		{1A8F5319-3BF3-419D-B9D5-1FF417438227}.Debug|iPhoneSimulator.Build.0 = Debug|iPhoneSimulator
		{1A8F5319-3BF3-419D-B9D5-1FF417438227}.Release|iPhone.ActiveCfg = Release|iPhone
		{1A8F5319-3BF3-419D-B9D5-1FF417438227}.Release|iPhone.Build.0 = Release|iPhone
		{1A8F5319-3BF3-419D-B9D5-1FF417438227}.Release|iPhoneSimulator.ActiveCfg = Release|iPhoneSimulator
		{1A8F5319-3BF3-419D-B9D5-1FF417438227}.Release|iPhoneSimulator.Build.0 = Release|iPhoneSimulator
		{1A8F5319-3BF3-419D-B9D5-1FF417438227}.Debug|iPhone.ActiveCfg = Debug|iPhone
		{1A8F5319-3BF3-419D-B9D5-1FF417438227}.Debug|iPhone.Build.0 = Debug|iPhone
		{4AB5186C-9AF8-4612-9B4D-E8423D5AE344}.Debug|Any CPU.ActiveCfg = Debug|Any CPU
		{4AB5186C-9AF8-4612-9B4D-E8423D5AE344}.Debug|Any CPU.Build.0 = Debug|Any CPU
		{4AB5186C-9AF8-4612-9B4D-E8423D5AE344}.Release|Any CPU.ActiveCfg = Release|Any CPU
		{4AB5186C-9AF8-4612-9B4D-E8423D5AE344}.Release|Any CPU.Build.0 = Release|Any CPU
		{4AB5186C-9AF8-4612-9B4D-E8423D5AE344}.Debug|iPhoneSimulator.ActiveCfg = Debug|Any CPU
		{4AB5186C-9AF8-4612-9B4D-E8423D5AE344}.Debug|iPhoneSimulator.Build.0 = Debug|Any CPU
		{4AB5186C-9AF8-4612-9B4D-E8423D5AE344}.Release|iPhone.ActiveCfg = Release|Any CPU
		{4AB5186C-9AF8-4612-9B4D-E8423D5AE344}.Release|iPhone.Build.0 = Release|Any CPU
		{4AB5186C-9AF8-4612-9B4D-E8423D5AE344}.Release|iPhoneSimulator.ActiveCfg = Release|Any CPU
		{4AB5186C-9AF8-4612-9B4D-E8423D5AE344}.Release|iPhoneSimulator.Build.0 = Release|Any CPU
		{4AB5186C-9AF8-4612-9B4D-E8423D5AE344}.Debug|iPhone.ActiveCfg = Debug|Any CPU
		{4AB5186C-9AF8-4612-9B4D-E8423D5AE344}.Debug|iPhone.Build.0 = Debug|Any CPU
	EndGlobalSection
EndGlobal
